// !$*UTF8*$!
{
	archiveVersion = 1;
	classes = {
	};
	objectVersion = 77;
	objects = {

/* Begin PBXBuildFile section */
		8F657FED2F5B102F00E8C5B9 /* FirebaseAnalytics in Frameworks */ = {isa = PBXBuildFile; productRef = 8F657FEC2F5B102F00E8C5B9 /* FirebaseAnalytics */; };
		8F657FEF2F5B102F00E8C5B9 /* FirebaseAuth in Frameworks */ = {isa = PBXBuildFile; productRef = 8F657FEE2F5B102F00E8C5B9 /* FirebaseAuth */; };
		8F657FF12F5B102F00E8C5B9 /* FirebaseDatabase in Frameworks */ = {isa = PBXBuildFile; productRef = 8F657FF02F5B102F00E8C5B9 /* FirebaseDatabase */; };
		8F657FF32F5B102F00E8C5B9 /* FirebaseMessaging in Frameworks */ = {isa = PBXBuildFile; productRef = 8F657FF22F5B102F00E8C5B9 /* FirebaseMessaging */; };
		8F6584A12F61C0DB00E8C5B9 /* AppsFlyerLib in Frameworks */ = {isa = PBXBuildFile; productRef = 8F6584A02F61C0DB00E8C5B9 /* AppsFlyerLib */; };
		8F6584AD2F61C20200E8C5B9 /* GuardExtHomeNotif.appex in Embed Foundation Extensions */ = {isa = PBXBuildFile; fileRef = 8F6584A62F61C20200E8C5B9 /* GuardExtHomeNotif.appex */; settings = {ATTRIBUTES = (RemoveHeadersOnCopy, ); }; };
		8F6584B52F61C23500E8C5B9 /* FirebaseMessaging in Frameworks */ = {isa = PBXBuildFile; productRef = 8F6584B42F61C23500E8C5B9 /* FirebaseMessaging */; };
/* End PBXBuildFile section */

/* Begin PBXContainerItemProxy section */
		8F6584AB2F61C20200E8C5B9 /* PBXContainerItemProxy */ = {
			isa = PBXContainerItemProxy;
			containerPortal = 8F657FD42F5B0F9E00E8C5B9 /* Project object */;
			proxyType = 1;
			remoteGlobalIDString = 8F6584A52F61C20200E8C5B9;
			remoteInfo = GuardExtHomeNotif;
		};
/* End PBXContainerItemProxy section */

/* Begin PBXCopyFilesBuildPhase section */
		8F6584B22F61C20200E8C5B9 /* Embed Foundation Extensions */ = {
			isa = PBXCopyFilesBuildPhase;
			buildActionMask = 2147483647;
			dstPath = "";
			dstSubfolderSpec = 13;
			files = (
				8F6584AD2F61C20200E8C5B9 /* GuardExtHomeNotif.appex in Embed Foundation Extensions */,
			);
			name = "Embed Foundation Extensions";
			runOnlyForDeploymentPostprocessing = 0;
		};
/* End PBXCopyFilesBuildPhase section */

/* Begin PBXFileReference section */
		8F657FDC2F5B0F9E00E8C5B9 /* HomeGuard.app */ = {isa = PBXFileReference; explicitFileType = wrapper.application; includeInIndex = 0; path = HomeGuard.app; sourceTree = BUILT_PRODUCTS_DIR; };
		8F6584A62F61C20200E8C5B9 /* GuardExtHomeNotif.appex */ = {isa = PBXFileReference; explicitFileType = "wrapper.app-extension"; includeInIndex = 0; path = GuardExtHomeNotif.appex; sourceTree = BUILT_PRODUCTS_DIR; };
/* End PBXFileReference section */

/* Begin PBXFileSystemSynchronizedBuildFileExceptionSet section */
		8F657FF52F5B103700E8C5B9 /* Exceptions for "HomeGuard" folder in "HomeGuard" target */ = {
			isa = PBXFileSystemSynchronizedBuildFileExceptionSet;
			membershipExceptions = (
				Info.plist,
			);
			target = 8F657FDB2F5B0F9E00E8C5B9 /* HomeGuard */;
		};
		8F6584B12F61C20200E8C5B9 /* Exceptions for "GuardExtHomeNotif" folder in "GuardExtHomeNotif" target */ = {
			isa = PBXFileSystemSynchronizedBuildFileExceptionSet;
			membershipExceptions = (
				Info.plist,
			);
			target = 8F6584A52F61C20200E8C5B9 /* GuardExtHomeNotif */;
		};
/* End PBXFileSystemSynchronizedBuildFileExceptionSet section */

/* Begin PBXFileSystemSynchronizedRootGroup section */
		8F657FDE2F5B0F9E00E8C5B9 /* HomeGuard */ = {
			isa = PBXFileSystemSynchronizedRootGroup;
			exceptions = (
				8F657FF52F5B103700E8C5B9 /* Exceptions for "HomeGuard" folder in "HomeGuard" target */,
			);
			path = HomeGuard;
			sourceTree = "<group>";
		};
		8F6584A72F61C20200E8C5B9 /* GuardExtHomeNotif */ = {
			isa = PBXFileSystemSynchronizedRootGroup;
			exceptions = (
				8F6584B12F61C20200E8C5B9 /* Exceptions for "GuardExtHomeNotif" folder in "GuardExtHomeNotif" target */,
			);
			path = GuardExtHomeNotif;
			sourceTree = "<group>";
		};
/* End PBXFileSystemSynchronizedRootGroup section */

/* Begin PBXFrameworksBuildPhase section */
		8F657FD92F5B0F9E00E8C5B9 /* Frameworks */ = {
			isa = PBXFrameworksBuildPhase;
			buildActionMask = 2147483647;
			files = (
				8F657FF32F5B102F00E8C5B9 /* FirebaseMessaging in Frameworks */,
				8F6584A12F61C0DB00E8C5B9 /* AppsFlyerLib in Frameworks */,
				8F657FF12F5B102F00E8C5B9 /* FirebaseDatabase in Frameworks */,
				8F657FED2F5B102F00E8C5B9 /* FirebaseAnalytics in Frameworks */,
				8F657FEF2F5B102F00E8C5B9 /* FirebaseAuth in Frameworks */,
			);
			runOnlyForDeploymentPostprocessing = 0;
		};
		8F6584A32F61C20200E8C5B9 /* Frameworks */ = {
			isa = PBXFrameworksBuildPhase;
			buildActionMask = 2147483647;
			files = (
				8F6584B52F61C23500E8C5B9 /* FirebaseMessaging in Frameworks */,
			);
			runOnlyForDeploymentPostprocessing = 0;
		};
/* End PBXFrameworksBuildPhase section */

/* Begin PBXGroup section */
		8F657FD32F5B0F9E00E8C5B9 = {
			isa = PBXGroup;
			children = (
				8F657FDE2F5B0F9E00E8C5B9 /* HomeGuard */,
				8F6584A72F61C20200E8C5B9 /* GuardExtHomeNotif */,
				8F6584B32F61C23500E8C5B9 /* Frameworks */,
				8F657FDD2F5B0F9E00E8C5B9 /* Products */,
			);
			sourceTree = "<group>";
		};
		8F657FDD2F5B0F9E00E8C5B9 /* Products */ = {
			isa = PBXGroup;
			children = (
				8F657FDC2F5B0F9E00E8C5B9 /* HomeGuard.app */,
				8F6584A62F61C20200E8C5B9 /* GuardExtHomeNotif.appex */,
			);
			name = Products;
			sourceTree = "<group>";
		};
		8F6584B32F61C23500E8C5B9 /* Frameworks */ = {
			isa = PBXGroup;
			children = (
			);
			name = Frameworks;
			sourceTree = "<group>";
		};
/* End PBXGroup section */

/* Begin PBXNativeTarget section */
		8F657FDB2F5B0F9E00E8C5B9 /* HomeGuard */ = {
			isa = PBXNativeTarget;
			buildConfigurationList = 8F657FE82F5B0F9F00E8C5B9 /* Build configuration list for PBXNativeTarget "HomeGuard" */;
			buildPhases = (
				8F657FD82F5B0F9E00E8C5B9 /* Sources */,
				8F657FD92F5B0F9E00E8C5B9 /* Frameworks */,
				8F657FDA2F5B0F9E00E8C5B9 /* Resources */,
				8F6584B22F61C20200E8C5B9 /* Embed Foundation Extensions */,
			);
			buildRules = (
			);
			dependencies = (
				8F6584AC2F61C20200E8C5B9 /* PBXTargetDependency */,
			);
			fileSystemSynchronizedGroups = (
				8F657FDE2F5B0F9E00E8C5B9 /* HomeGuard */,
			);
			name = HomeGuard;
			packageProductDependencies = (
				8F657FEC2F5B102F00E8C5B9 /* FirebaseAnalytics */,
				8F657FEE2F5B102F00E8C5B9 /* FirebaseAuth */,
				8F657FF02F5B102F00E8C5B9 /* FirebaseDatabase */,
				8F657FF22F5B102F00E8C5B9 /* FirebaseMessaging */,
				8F6584A02F61C0DB00E8C5B9 /* AppsFlyerLib */,
			);
			productName = HomeGuard;
			productReference = 8F657FDC2F5B0F9E00E8C5B9 /* HomeGuard.app */;
			productType = "com.apple.product-type.application";
		};
		8F6584A52F61C20200E8C5B9 /* GuardExtHomeNotif */ = {
			isa = PBXNativeTarget;
			buildConfigurationList = 8F6584AE2F61C20200E8C5B9 /* Build configuration list for PBXNativeTarget "GuardExtHomeNotif" */;
			buildPhases = (
				8F6584A22F61C20200E8C5B9 /* Sources */,
				8F6584A32F61C20200E8C5B9 /* Frameworks */,
				8F6584A42F61C20200E8C5B9 /* Resources */,
			);
			buildRules = (
			);
			dependencies = (
			);
			fileSystemSynchronizedGroups = (
				8F6584A72F61C20200E8C5B9 /* GuardExtHomeNotif */,
			);
			name = GuardExtHomeNotif;
			packageProductDependencies = (
				8F6584B42F61C23500E8C5B9 /* FirebaseMessaging */,
			);
			productName = GuardExtHomeNotif;
			productReference = 8F6584A62F61C20200E8C5B9 /* GuardExtHomeNotif.appex */;
			productType = "com.apple.product-type.app-extension";
		};
/* End PBXNativeTarget section */

/* Begin PBXProject section */
		8F657FD42F5B0F9E00E8C5B9 /* Project object */ = {
			isa = PBXProject;
			attributes = {
				BuildIndependentTargetsInParallel = 1;
				LastSwiftUpdateCheck = 1640;
				LastUpgradeCheck = 1640;
				TargetAttributes = {
					8F657FDB2F5B0F9E00E8C5B9 = {
						CreatedOnToolsVersion = 16.4;
					};
					8F6584A52F61C20200E8C5B9 = {
						CreatedOnToolsVersion = 16.4;
					};
				};
			};
			buildConfigurationList = 8F657FD72F5B0F9E00E8C5B9 /* Build configuration list for PBXProject "HomeGuard" */;
			developmentRegion = en;
			hasScannedForEncodings = 0;
			knownRegions = (
				en,
				Base,
			);
			mainGroup = 8F657FD32F5B0F9E00E8C5B9;
			minimizedProjectReferenceProxies = 1;
			packageReferences = (
				8F657FEB2F5B102F00E8C5B9 /* XCRemoteSwiftPackageReference "firebase-ios-sdk" */,
				8F65849F2F61C0DB00E8C5B9 /* XCRemoteSwiftPackageReference "AppsFlyerFramework" */,
			);
			preferredProjectObjectVersion = 77;
			productRefGroup = 8F657FDD2F5B0F9E00E8C5B9 /* Products */;
			projectDirPath = "";
			projectRoot = "";
			targets = (
				8F657FDB2F5B0F9E00E8C5B9 /* HomeGuard */,
				8F6584A52F61C20200E8C5B9 /* GuardExtHomeNotif */,
			);
		};
/* End PBXProject section */

/* Begin PBXResourcesBuildPhase section */
		8F657FDA2F5B0F9E00E8C5B9 /* Resources */ = {
			isa = PBXResourcesBuildPhase;
			buildActionMask = 2147483647;
			files = (
			);
			runOnlyForDeploymentPostprocessing = 0;
		};
		8F6584A42F61C20200E8C5B9 /* Resources */ = {
			isa = PBXResourcesBuildPhase;
			buildActionMask = 2147483647;
			files = (
			);
			runOnlyForDeploymentPostprocessing = 0;
		};
/* End PBXResourcesBuildPhase section */

/* Begin PBXSourcesBuildPhase section */
		8F657FD82F5B0F9E00E8C5B9 /* Sources */ = {
			isa = PBXSourcesBuildPhase;
			buildActionMask = 2147483647;
			files = (
			);
			runOnlyForDeploymentPostprocessing = 0;
		};
		8F6584A22F61C20200E8C5B9 /* Sources */ = {
			isa = PBXSourcesBuildPhase;
			buildActionMask = 2147483647;
			files = (
			);
			runOnlyForDeploymentPostprocessing = 0;
		};
/* End PBXSourcesBuildPhase section */

/* Begin PBXTargetDependency section */
		8F6584AC2F61C20200E8C5B9 /* PBXTargetDependency */ = {
			isa = PBXTargetDependency;
			target = 8F6584A52F61C20200E8C5B9 /* GuardExtHomeNotif */;
			targetProxy = 8F6584AB2F61C20200E8C5B9 /* PBXContainerItemProxy */;
		};
/* End PBXTargetDependency section */

/* Begin XCBuildConfiguration section */
		8F657FE62F5B0F9F00E8C5B9 /* Debug */ = {
			isa = XCBuildConfiguration;
			buildSettings = {
				ALWAYS_SEARCH_USER_PATHS = NO;
				ASSETCATALOG_COMPILER_GENERATE_SWIFT_ASSET_SYMBOL_EXTENSIONS = YES;
				CLANG_ANALYZER_NONNULL = YES;
				CLANG_ANALYZER_NUMBER_OBJECT_CONVERSION = YES_AGGRESSIVE;
				CLANG_CXX_LANGUAGE_STANDARD = "gnu++20";
				CLANG_ENABLE_MODULES = YES;
				CLANG_ENABLE_OBJC_ARC = YES;
				CLANG_ENABLE_OBJC_WEAK = YES;
				CLANG_WARN_BLOCK_CAPTURE_AUTORELEASING = YES;
				CLANG_WARN_BOOL_CONVERSION = YES;
				CLANG_WARN_COMMA = YES;
				CLANG_WARN_CONSTANT_CONVERSION = YES;
				CLANG_WARN_DEPRECATED_OBJC_IMPLEMENTATIONS = YES;
				CLANG_WARN_DIRECT_OBJC_ISA_USAGE = YES_ERROR;
				CLANG_WARN_DOCUMENTATION_COMMENTS = YES;
				CLANG_WARN_EMPTY_BODY = YES;
				CLANG_WARN_ENUM_CONVERSION = YES;
				CLANG_WARN_INFINITE_RECURSION = YES;
				CLANG_WARN_INT_CONVERSION = YES;
				CLANG_WARN_NON_LITERAL_NULL_CONVERSION = YES;
				CLANG_WARN_OBJC_IMPLICIT_RETAIN_SELF = YES;
				CLANG_WARN_OBJC_LITERAL_CONVERSION = YES;
				CLANG_WARN_OBJC_ROOT_CLASS = YES_ERROR;
				CLANG_WARN_QUOTED_INCLUDE_IN_FRAMEWORK_HEADER = YES;
				CLANG_WARN_RANGE_LOOP_ANALYSIS = YES;
				CLANG_WARN_STRICT_PROTOTYPES = YES;
				CLANG_WARN_SUSPICIOUS_MOVE = YES;
				CLANG_WARN_UNGUARDED_AVAILABILITY = YES_AGGRESSIVE;
				CLANG_WARN_UNREACHABLE_CODE = YES;
				CLANG_WARN__DUPLICATE_METHOD_MATCH = YES;
				COPY_PHASE_STRIP = NO;
				DEBUG_INFORMATION_FORMAT = dwarf;
				ENABLE_STRICT_OBJC_MSGSEND = YES;
				ENABLE_TESTABILITY = YES;
				ENABLE_USER_SCRIPT_SANDBOXING = YES;
				GCC_C_LANGUAGE_STANDARD = gnu17;
				GCC_DYNAMIC_NO_PIC = NO;
				GCC_NO_COMMON_BLOCKS = YES;
				GCC_OPTIMIZATION_LEVEL = 0;
				GCC_PREPROCESSOR_DEFINITIONS = (
					"DEBUG=1",
					"$(inherited)",
				);
				GCC_WARN_64_TO_32_BIT_CONVERSION = YES;
				GCC_WARN_ABOUT_RETURN_TYPE = YES_ERROR;
				GCC_WARN_UNDECLARED_SELECTOR = YES;
				GCC_WARN_UNINITIALIZED_AUTOS = YES_AGGRESSIVE;
				GCC_WARN_UNUSED_FUNCTION = YES;
				GCC_WARN_UNUSED_VARIABLE = YES;
				LOCALIZATION_PREFERS_STRING_CATALOGS = YES;
				MTL_ENABLE_DEBUG_INFO = INCLUDE_SOURCE;
				MTL_FAST_MATH = YES;
				ONLY_ACTIVE_ARCH = YES;
				SWIFT_ACTIVE_COMPILATION_CONDITIONS = "DEBUG $(inherited)";
				SWIFT_OPTIMIZATION_LEVEL = "-Onone";
			};
			name = Debug;
		};
		8F657FE72F5B0F9F00E8C5B9 /* Release */ = {
			isa = XCBuildConfiguration;
			buildSettings = {
				ALWAYS_SEARCH_USER_PATHS = NO;
				ASSETCATALOG_COMPILER_GENERATE_SWIFT_ASSET_SYMBOL_EXTENSIONS = YES;
				CLANG_ANALYZER_NONNULL = YES;
				CLANG_ANALYZER_NUMBER_OBJECT_CONVERSION = YES_AGGRESSIVE;
				CLANG_CXX_LANGUAGE_STANDARD = "gnu++20";
				CLANG_ENABLE_MODULES = YES;
				CLANG_ENABLE_OBJC_ARC = YES;
				CLANG_ENABLE_OBJC_WEAK = YES;
				CLANG_WARN_BLOCK_CAPTURE_AUTORELEASING = YES;
				CLANG_WARN_BOOL_CONVERSION = YES;
				CLANG_WARN_COMMA = YES;
				CLANG_WARN_CONSTANT_CONVERSION = YES;
				CLANG_WARN_DEPRECATED_OBJC_IMPLEMENTATIONS = YES;
				CLANG_WARN_DIRECT_OBJC_ISA_USAGE = YES_ERROR;
				CLANG_WARN_DOCUMENTATION_COMMENTS = YES;
				CLANG_WARN_EMPTY_BODY = YES;
				CLANG_WARN_ENUM_CONVERSION = YES;
				CLANG_WARN_INFINITE_RECURSION = YES;
				CLANG_WARN_INT_CONVERSION = YES;
				CLANG_WARN_NON_LITERAL_NULL_CONVERSION = YES;
				CLANG_WARN_OBJC_IMPLICIT_RETAIN_SELF = YES;
				CLANG_WARN_OBJC_LITERAL_CONVERSION = YES;
				CLANG_WARN_OBJC_ROOT_CLASS = YES_ERROR;
				CLANG_WARN_QUOTED_INCLUDE_IN_FRAMEWORK_HEADER = YES;
				CLANG_WARN_RANGE_LOOP_ANALYSIS = YES;
				CLANG_WARN_STRICT_PROTOTYPES = YES;
				CLANG_WARN_SUSPICIOUS_MOVE = YES;
				CLANG_WARN_UNGUARDED_AVAILABILITY = YES_AGGRESSIVE;
				CLANG_WARN_UNREACHABLE_CODE = YES;
				CLANG_WARN__DUPLICATE_METHOD_MATCH = YES;
				COPY_PHASE_STRIP = NO;
				DEBUG_INFORMATION_FORMAT = "dwarf-with-dsym";
				ENABLE_NS_ASSERTIONS = NO;
				ENABLE_STRICT_OBJC_MSGSEND = YES;
				ENABLE_USER_SCRIPT_SANDBOXING = YES;
				GCC_C_LANGUAGE_STANDARD = gnu17;
				GCC_NO_COMMON_BLOCKS = YES;
				GCC_WARN_64_TO_32_BIT_CONVERSION = YES;
				GCC_WARN_ABOUT_RETURN_TYPE = YES_ERROR;
				GCC_WARN_UNDECLARED_SELECTOR = YES;
				GCC_WARN_UNINITIALIZED_AUTOS = YES_AGGRESSIVE;
				GCC_WARN_UNUSED_FUNCTION = YES;
				GCC_WARN_UNUSED_VARIABLE = YES;
				LOCALIZATION_PREFERS_STRING_CATALOGS = YES;
				MTL_ENABLE_DEBUG_INFO = NO;
				MTL_FAST_MATH = YES;
				SWIFT_COMPILATION_MODE = wholemodule;
			};
			name = Release;
		};
		8F657FE92F5B0F9F00E8C5B9 /* Debug */ = {
			isa = XCBuildConfiguration;
			buildSettings = {
				ASSETCATALOG_COMPILER_APPICON_NAME = AppIcon;
				ASSETCATALOG_COMPILER_GLOBAL_ACCENT_COLOR_NAME = AccentColor;
				CODE_SIGN_ENTITLEMENTS = HomeGuard/HomeGuard.entitlements;
				CODE_SIGN_STYLE = Automatic;
				CURRENT_PROJECT_VERSION = 1;
				ENABLE_PREVIEWS = YES;
				GENERATE_INFOPLIST_FILE = YES;
				INFOPLIST_FILE = HomeGuard/Info.plist;
				INFOPLIST_KEY_CFBundleDisplayName = "Home Guard Master";
				INFOPLIST_KEY_NSCameraUsageDescription = "Allow to use this feature";
				INFOPLIST_KEY_NSPhotoLibraryAddUsageDescription = "HomeGuard saves photos to your library for backup purposes.";
				INFOPLIST_KEY_NSPhotoLibraryUsageDescription = "HomeGuard needs access to your photo library to attach photos to entries.";
				INFOPLIST_KEY_NSUserTrackingUsageDescription = "Home Guard Master may use limited technical information from your device to support security and monitoring features, maintain stable app performance, and improve overall reliability. This information is used only for internal diagnostics and service enhancement. It is not used to track users across other apps or websites and is never shared for third-party advertising.";
				"INFOPLIST_KEY_UIApplicationSceneManifest_Generation[sdk=iphoneos*]" = YES;
				"INFOPLIST_KEY_UIApplicationSceneManifest_Generation[sdk=iphonesimulator*]" = YES;
				"INFOPLIST_KEY_UIApplicationSupportsIndirectInputEvents[sdk=iphoneos*]" = YES;
				"INFOPLIST_KEY_UIApplicationSupportsIndirectInputEvents[sdk=iphonesimulator*]" = YES;
				"INFOPLIST_KEY_UILaunchScreen_Generation[sdk=iphoneos*]" = YES;
				"INFOPLIST_KEY_UILaunchScreen_Generation[sdk=iphonesimulator*]" = YES;
				"INFOPLIST_KEY_UIStatusBarStyle[sdk=iphoneos*]" = UIStatusBarStyleDefault;
				"INFOPLIST_KEY_UIStatusBarStyle[sdk=iphonesimulator*]" = UIStatusBarStyleDefault;
				INFOPLIST_KEY_UISupportedInterfaceOrientations_iPad = "UIInterfaceOrientationPortrait UIInterfaceOrientationPortraitUpsideDown UIInterfaceOrientationLandscapeLeft UIInterfaceOrientationLandscapeRight";
				INFOPLIST_KEY_UISupportedInterfaceOrientations_iPhone = "UIInterfaceOrientationPortrait UIInterfaceOrientationLandscapeLeft UIInterfaceOrientationLandscapeRight";
				IPHONEOS_DEPLOYMENT_TARGET = 16.0;
				LD_RUNPATH_SEARCH_PATHS = "@executable_path/Frameworks";
				"LD_RUNPATH_SEARCH_PATHS[sdk=macosx*]" = "@executable_path/../Frameworks";
				MACOSX_DEPLOYMENT_TARGET = 15.3;
				MARKETING_VERSION = 2.0.0;
				PRODUCT_BUNDLE_IDENTIFIER = com.managehome.HomeGuard;
				PRODUCT_NAME = "$(TARGET_NAME)";
				REGISTER_APP_GROUPS = YES;
				SDKROOT = auto;
				SUPPORTED_PLATFORMS = "iphoneos iphonesimulator";
				SUPPORTS_MACCATALYST = NO;
				SWIFT_EMIT_LOC_STRINGS = YES;
				SWIFT_VERSION = 5.0;
				TARGETED_DEVICE_FAMILY = 1;
				XROS_DEPLOYMENT_TARGET = 2.5;
			};
			name = Debug;
		};
		8F657FEA2F5B0F9F00E8C5B9 /* Release */ = {
			isa = XCBuildConfiguration;
			buildSettings = {
				ASSETCATALOG_COMPILER_APPICON_NAME = AppIcon;
				ASSETCATALOG_COMPILER_GLOBAL_ACCENT_COLOR_NAME = AccentColor;
				CODE_SIGN_ENTITLEMENTS = HomeGuard/HomeGuard.entitlements;
				CODE_SIGN_STYLE = Automatic;
				CURRENT_PROJECT_VERSION = 1;
				ENABLE_PREVIEWS = YES;
				GENERATE_INFOPLIST_FILE = YES;
				INFOPLIST_FILE = HomeGuard/Info.plist;
				INFOPLIST_KEY_CFBundleDisplayName = "Home Guard Master";
				INFOPLIST_KEY_NSCameraUsageDescription = "Allow to use this feature";
				INFOPLIST_KEY_NSPhotoLibraryAddUsageDescription = "HomeGuard saves photos to your library for backup purposes.";
				INFOPLIST_KEY_NSPhotoLibraryUsageDescription = "HomeGuard needs access to your photo library to attach photos to entries.";
				INFOPLIST_KEY_NSUserTrackingUsageDescription = "Home Guard Master may use limited technical information from your device to support security and monitoring features, maintain stable app performance, and improve overall reliability. This information is used only for internal diagnostics and service enhancement. It is not used to track users across other apps or websites and is never shared for third-party advertising.";
				"INFOPLIST_KEY_UIApplicationSceneManifest_Generation[sdk=iphoneos*]" = YES;
				"INFOPLIST_KEY_UIApplicationSceneManifest_Generation[sdk=iphonesimulator*]" = YES;
				"INFOPLIST_KEY_UIApplicationSupportsIndirectInputEvents[sdk=iphoneos*]" = YES;
				"INFOPLIST_KEY_UIApplicationSupportsIndirectInputEvents[sdk=iphonesimulator*]" = YES;
				"INFOPLIST_KEY_UILaunchScreen_Generation[sdk=iphoneos*]" = YES;
				"INFOPLIST_KEY_UILaunchScreen_Generation[sdk=iphonesimulator*]" = YES;
				"INFOPLIST_KEY_UIStatusBarStyle[sdk=iphoneos*]" = UIStatusBarStyleDefault;
				"INFOPLIST_KEY_UIStatusBarStyle[sdk=iphonesimulator*]" = UIStatusBarStyleDefault;
				INFOPLIST_KEY_UISupportedInterfaceOrientations_iPad = "UIInterfaceOrientationPortrait UIInterfaceOrientationPortraitUpsideDown UIInterfaceOrientationLandscapeLeft UIInterfaceOrientationLandscapeRight";
				INFOPLIST_KEY_UISupportedInterfaceOrientations_iPhone = "UIInterfaceOrientationPortrait UIInterfaceOrientationLandscapeLeft UIInterfaceOrientationLandscapeRight";
				IPHONEOS_DEPLOYMENT_TARGET = 16.0;
				LD_RUNPATH_SEARCH_PATHS = "@executable_path/Frameworks";
				"LD_RUNPATH_SEARCH_PATHS[sdk=macosx*]" = "@executable_path/../Frameworks";
				MACOSX_DEPLOYMENT_TARGET = 15.3;
				MARKETING_VERSION = 2.0.0;
				PRODUCT_BUNDLE_IDENTIFIER = com.managehome.HomeGuard;
				PRODUCT_NAME = "$(TARGET_NAME)";
				REGISTER_APP_GROUPS = YES;
				SDKROOT = auto;
				SUPPORTED_PLATFORMS = "iphoneos iphonesimulator";
				SUPPORTS_MACCATALYST = NO;
				SWIFT_EMIT_LOC_STRINGS = YES;
				SWIFT_VERSION = 5.0;
				TARGETED_DEVICE_FAMILY = 1;
				XROS_DEPLOYMENT_TARGET = 2.5;
			};
			name = Release;
		};
		8F6584AF2F61C20200E8C5B9 /* Debug */ = {
			isa = XCBuildConfiguration;
			buildSettings = {
				CODE_SIGN_STYLE = Automatic;
				CURRENT_PROJECT_VERSION = 1;
				GENERATE_INFOPLIST_FILE = YES;
				INFOPLIST_FILE = GuardExtHomeNotif/Info.plist;
				INFOPLIST_KEY_CFBundleDisplayName = GuardExtHomeNotif;
				INFOPLIST_KEY_NSHumanReadableCopyright = "";
				IPHONEOS_DEPLOYMENT_TARGET = 16.0;
				LD_RUNPATH_SEARCH_PATHS = (
					"$(inherited)",
					"@executable_path/Frameworks",
					"@executable_path/../../Frameworks",
				);
				MARKETING_VERSION = 1.0;
				PRODUCT_BUNDLE_IDENTIFIER = com.managehome.HomeGuard.GuardExtHomeNotif;
				PRODUCT_NAME = "$(TARGET_NAME)";
				SDKROOT = iphoneos;
				SKIP_INSTALL = YES;
				SUPPORTED_PLATFORMS = "iphoneos iphonesimulator";
				SUPPORTS_MACCATALYST = NO;
				SUPPORTS_MAC_DESIGNED_FOR_IPHONE_IPAD = NO;
				SUPPORTS_XR_DESIGNED_FOR_IPHONE_IPAD = NO;
				SWIFT_EMIT_LOC_STRINGS = YES;
				SWIFT_VERSION = 5.0;
				TARGETED_DEVICE_FAMILY = 1;
			};
			name = Debug;
		};
		8F6584B02F61C20200E8C5B9 /* Release */ = {
			isa = XCBuildConfiguration;
			buildSettings = {
				CODE_SIGN_STYLE = Automatic;
				CURRENT_PROJECT_VERSION = 1;
				GENERATE_INFOPLIST_FILE = YES;
				INFOPLIST_FILE = GuardExtHomeNotif/Info.plist;
				INFOPLIST_KEY_CFBundleDisplayName = GuardExtHomeNotif;
				INFOPLIST_KEY_NSHumanReadableCopyright = "";
				IPHONEOS_DEPLOYMENT_TARGET = 16.0;
				LD_RUNPATH_SEARCH_PATHS = (
					"$(inherited)",
					"@executable_path/Frameworks",
					"@executable_path/../../Frameworks",
				);
				MARKETING_VERSION = 1.0;
				PRODUCT_BUNDLE_IDENTIFIER = com.managehome.HomeGuard.GuardExtHomeNotif;
				PRODUCT_NAME = "$(TARGET_NAME)";
				SDKROOT = iphoneos;
				SKIP_INSTALL = YES;
				SUPPORTED_PLATFORMS = "iphoneos iphonesimulator";
				SUPPORTS_MACCATALYST = NO;
				SUPPORTS_MAC_DESIGNED_FOR_IPHONE_IPAD = NO;
				SUPPORTS_XR_DESIGNED_FOR_IPHONE_IPAD = NO;
				SWIFT_EMIT_LOC_STRINGS = YES;
				SWIFT_VERSION = 5.0;
				TARGETED_DEVICE_FAMILY = 1;
				VALIDATE_PRODUCT = YES;
			};
			name = Release;
		};
/* End XCBuildConfiguration section */

/* Begin XCConfigurationList section */
		8F657FD72F5B0F9E00E8C5B9 /* Build configuration list for PBXProject "HomeGuard" */ = {
			isa = XCConfigurationList;
			buildConfigurations = (
				8F657FE62F5B0F9F00E8C5B9 /* Debug */,
				8F657FE72F5B0F9F00E8C5B9 /* Release */,
			);
			defaultConfigurationIsVisible = 0;
			defaultConfigurationName = Release;
		};
		8F657FE82F5B0F9F00E8C5B9 /* Build configuration list for PBXNativeTarget "HomeGuard" */ = {
			isa = XCConfigurationList;
			buildConfigurations = (
				8F657FE92F5B0F9F00E8C5B9 /* Debug */,
				8F657FEA2F5B0F9F00E8C5B9 /* Release */,
			);
			defaultConfigurationIsVisible = 0;
			defaultConfigurationName = Release;
		};
		8F6584AE2F61C20200E8C5B9 /* Build configuration list for PBXNativeTarget "GuardExtHomeNotif" */ = {
			isa = XCConfigurationList;
			buildConfigurations = (
				8F6584AF2F61C20200E8C5B9 /* Debug */,
				8F6584B02F61C20200E8C5B9 /* Release */,
			);
			defaultConfigurationIsVisible = 0;
			defaultConfigurationName = Release;
		};
/* End XCConfigurationList section */

/* Begin XCRemoteSwiftPackageReference section */
		8F657FEB2F5B102F00E8C5B9 /* XCRemoteSwiftPackageReference "firebase-ios-sdk" */ = {
			isa = XCRemoteSwiftPackageReference;
			repositoryURL = "https://github.com/firebase/firebase-ios-sdk";
			requirement = {
				kind = upToNextMajorVersion;
				minimumVersion = 12.10.0;
			};
		};
		8F65849F2F61C0DB00E8C5B9 /* XCRemoteSwiftPackageReference "AppsFlyerFramework" */ = {
			isa = XCRemoteSwiftPackageReference;
			repositoryURL = "https://github.com/AppsFlyerSDK/AppsFlyerFramework";
			requirement = {
				kind = upToNextMajorVersion;
				minimumVersion = 6.17.9;
			};
		};
/* End XCRemoteSwiftPackageReference section */

/* Begin XCSwiftPackageProductDependency section */
		8F657FEC2F5B102F00E8C5B9 /* FirebaseAnalytics */ = {
			isa = XCSwiftPackageProductDependency;
			package = 8F657FEB2F5B102F00E8C5B9 /* XCRemoteSwiftPackageReference "firebase-ios-sdk" */;
			productName = FirebaseAnalytics;
		};
		8F657FEE2F5B102F00E8C5B9 /* FirebaseAuth */ = {
			isa = XCSwiftPackageProductDependency;
			package = 8F657FEB2F5B102F00E8C5B9 /* XCRemoteSwiftPackageReference "firebase-ios-sdk" */;
			productName = FirebaseAuth;
		};
		8F657FF02F5B102F00E8C5B9 /* FirebaseDatabase */ = {
			isa = XCSwiftPackageProductDependency;
			package = 8F657FEB2F5B102F00E8C5B9 /* XCRemoteSwiftPackageReference "firebase-ios-sdk" */;
			productName = FirebaseDatabase;
		};
		8F657FF22F5B102F00E8C5B9 /* FirebaseMessaging */ = {
			isa = XCSwiftPackageProductDependency;
			package = 8F657FEB2F5B102F00E8C5B9 /* XCRemoteSwiftPackageReference "firebase-ios-sdk" */;
			productName = FirebaseMessaging;
		};
		8F6584A02F61C0DB00E8C5B9 /* AppsFlyerLib */ = {
			isa = XCSwiftPackageProductDependency;
			package = 8F65849F2F61C0DB00E8C5B9 /* XCRemoteSwiftPackageReference "AppsFlyerFramework" */;
			productName = AppsFlyerLib;
		};
		8F6584B42F61C23500E8C5B9 /* FirebaseMessaging */ = {
			isa = XCSwiftPackageProductDependency;
			package = 8F657FEB2F5B102F00E8C5B9 /* XCRemoteSwiftPackageReference "firebase-ios-sdk" */;
			productName = FirebaseMessaging;
		};
/* End XCSwiftPackageProductDependency section */
	};
	rootObject = 8F657FD42F5B0F9E00E8C5B9 /* Project object */;
}
